{
  "lockfileVersion": 1,
  "workspaces": {
    "": {
      "dependencies": {
        "turndown": "^7.2.1",
      },
    },
  },
  "packages": {
    "@mixmark-io/domino": ["@mixmark-io/domino@2.2.0", "", {}, "sha512-Y28PR25bHXUg88kCV7nivXrP2Nj2RueZ3/l/jdx6J9f8J4nsEGcgX0Qe6lt7Pa+J79+kPiJU3LguR6O/6zrLOw=="],

    "turndown": ["turndown@7.2.1", "", { "dependencies": { "@mixmark-io/domino": "^2.2.0" } }, "sha512-7YiPJw6rLClQL3oUKN3KgMaXeJJ2lAyZItclgKDurqnH61so4k4IH/qwmMva0zpuJc/FhRExBBnk7EbeFANlgQ=="],
  }
}
